
Microsoft Visual Studio Solution File, Format Version 12.00
# Visual Studio Version 17
VisualStudioVersion = 17.9.34728.123
MinimumVisualStudioVersion = 10.0.40219.1
Project("{FAE04EC0-301F-11D3-BF4B-00C04F79EFBC}") = "Hamburgesa", "Hamburgesa\Hamburgesa.csproj", "{CA32D1E3-EE21-41E8-9784-2701ADAB75F9}"
EndProject
Global
	GlobalSection(SolutionConfigurationPlatforms) = preSolution
		Debug|Any CPU = Debug|Any CPU
		Release|Any CPU = Release|Any CPU
	EndGlobalSection
	GlobalSection(ProjectConfigurationPlatforms) = postSolution
		{CA32D1E3-EE21-41E8-9784-2701ADAB75F9}.Debug|Any CPU.ActiveCfg = Debug|Any CPU
		{CA32D1E3-EE21-41E8-9784-2701ADAB75F9}.Debug|Any CPU.Build.0 = Debug|Any CPU
		{CA32D1E3-EE21-41E8-9784-2701ADAB75F9}.Release|Any CPU.ActiveCfg = Release|Any CPU
		{CA32D1E3-EE21-41E8-9784-2701ADAB75F9}.Release|Any CPU.Build.0 = Release|Any CPU
	EndGlobalSection
	GlobalSection(SolutionProperties) = preSolution
		HideSolutionNode = FALSE
	EndGlobalSection
	GlobalSection(ExtensibilityGlobals) = postSolution
		SolutionGuid = {E6D75299-B93F-4903-AE65-D3BAC5794F2B}
	EndGlobalSection
EndGlobal
